// !$*UTF8*$!
{
	archiveVersion = 1;
	classes = {
	};
	objectVersion = 46;
	objects = {

/* Begin PBXBuildFile section */
		441526811B604AA0000A9D2C /* Boop2Sound.caf in Resources */ = {isa = PBXBuildFile; fileRef = 441526801B604A9A000A9D2C /* Boop2Sound.caf */; };
		4439DE071B5E9E6F00F1A87C /* AppDelegate.swift in Sources */ = {isa = PBXBuildFile; fileRef = 4439DE061B5E9E6F00F1A87C /* AppDelegate.swift */; };
		4439DE091B5E9E6F00F1A87C /* ViewController.swift in Sources */ = {isa = PBXBuildFile; fileRef = 4439DE081B5E9E6F00F1A87C /* ViewController.swift */; };
		4439DE0C1B5E9E6F00F1A87C /* Main.storyboard in Resources */ = {isa = PBXBuildFile; fileRef = 4439DE0A1B5E9E6F00F1A87C /* Main.storyboard */; };
		4439DE111B5E9E6F00F1A87C /* LaunchScreen.xib in Resources */ = {isa = PBXBuildFile; fileRef = 4439DE0F1B5E9E6F00F1A87C /* LaunchScreen.xib */; };
		4439DE1D1B5E9E6F00F1A87C /* GoBoopTests.swift in Sources */ = {isa = PBXBuildFile; fileRef = 4439DE1C1B5E9E6F00F1A87C /* GoBoopTests.swift */; };
		4439DE271B5E9EB500F1A87C /* BoopViewController.swift in Sources */ = {isa = PBXBuildFile; fileRef = 4439DE261B5E9EB500F1A87C /* BoopViewController.swift */; };
		4439DE291B5EA56D00F1A87C /* UIIMageExtension.swift in Sources */ = {isa = PBXBuildFile; fileRef = 4439DE281B5EA56D00F1A87C /* UIIMageExtension.swift */; };
		444A95991B62DD5E0050D811 /* Images.xcassets in Resources */ = {isa = PBXBuildFile; fileRef = 444A95981B62DD5E0050D811 /* Images.xcassets */; };
/* End PBXBuildFile section */

/* Begin PBXContainerItemProxy section */
		4439DE171B5E9E6F00F1A87C /* PBXContainerItemProxy */ = {
			isa = PBXContainerItemProxy;
			containerPortal = 4439DDF91B5E9E6F00F1A87C /* Project object */;
			proxyType = 1;
			remoteGlobalIDString = 4439DE001B5E9E6F00F1A87C;
			remoteInfo = GoBoop;
		};
/* End PBXContainerItemProxy section */

/* Begin PBXFileReference section */
		441526801B604A9A000A9D2C /* Boop2Sound.caf */ = {isa = PBXFileReference; lastKnownFileType = file; path = Boop2Sound.caf; sourceTree = "<group>"; };
		4439DE011B5E9E6F00F1A87C /* GoBoop.app */ = {isa = PBXFileReference; explicitFileType = wrapper.application; includeInIndex = 0; path = GoBoop.app; sourceTree = BUILT_PRODUCTS_DIR; };
		4439DE051B5E9E6F00F1A87C /* Info.plist */ = {isa = PBXFileReference; lastKnownFileType = text.plist.xml; path = Info.plist; sourceTree = "<group>"; };
		4439DE061B5E9E6F00F1A87C /* AppDelegate.swift */ = {isa = PBXFileReference; lastKnownFileType = sourcecode.swift; path = AppDelegate.swift; sourceTree = "<group>"; };
		4439DE081B5E9E6F00F1A87C /* ViewController.swift */ = {isa = PBXFileReference; lastKnownFileType = sourcecode.swift; path = ViewController.swift; sourceTree = "<group>"; };
		4439DE0B1B5E9E6F00F1A87C /* Base */ = {isa = PBXFileReference; lastKnownFileType = file.storyboard; name = Base; path = Base.lproj/Main.storyboard; sourceTree = "<group>"; };
		4439DE101B5E9E6F00F1A87C /* Base */ = {isa = PBXFileReference; lastKnownFileType = file.xib; name = Base; path = Base.lproj/LaunchScreen.xib; sourceTree = "<group>"; };
		4439DE161B5E9E6F00F1A87C /* GoBoopTests.xctest */ = {isa = PBXFileReference; explicitFileType = wrapper.cfbundle; includeInIndex = 0; path = GoBoopTests.xctest; sourceTree = BUILT_PRODUCTS_DIR; };
		4439DE1B1B5E9E6F00F1A87C /* Info.plist */ = {isa = PBXFileReference; lastKnownFileType = text.plist.xml; path = Info.plist; sourceTree = "<group>"; };
		4439DE1C1B5E9E6F00F1A87C /* GoBoopTests.swift */ = {isa = PBXFileReference; lastKnownFileType = sourcecode.swift; path = GoBoopTests.swift; sourceTree = "<group>"; };
		4439DE261B5E9EB500F1A87C /* BoopViewController.swift */ = {isa = PBXFileReference; fileEncoding = 4; lastKnownFileType = sourcecode.swift; path = BoopViewController.swift; sourceTree = "<group>"; };
		4439DE281B5EA56D00F1A87C /* UIIMageExtension.swift */ = {isa = PBXFileReference; fileEncoding = 4; lastKnownFileType = sourcecode.swift; path = UIIMageExtension.swift; sourceTree = "<group>"; };
		444A95981B62DD5E0050D811 /* Images.xcassets */ = {isa = PBXFileReference; lastKnownFileType = folder.assetcatalog; path = Images.xcassets; sourceTree = "<group>"; };
/* End PBXFileReference section */

/* Begin PBXFrameworksBuildPhase section */
		4439DDFE1B5E9E6F00F1A87C /* Frameworks */ = {
			isa = PBXFrameworksBuildPhase;
			buildActionMask = 2147483647;
			files = (
			);
			runOnlyForDeploymentPostprocessing = 0;
		};
		4439DE131B5E9E6F00F1A87C /* Frameworks */ = {
			isa = PBXFrameworksBuildPhase;
			buildActionMask = 2147483647;
			files = (
			);
			runOnlyForDeploymentPostprocessing = 0;
		};
/* End PBXFrameworksBuildPhase section */

/* Begin PBXGroup section */
		4415267F1B604A65000A9D2C /* Resources */ = {
			isa = PBXGroup;
			children = (
				441526801B604A9A000A9D2C /* Boop2Sound.caf */,
			);
			name = Resources;
			sourceTree = "<group>";
		};
		4439DDF81B5E9E6F00F1A87C = {
			isa = PBXGroup;
			children = (
				4439DE031B5E9E6F00F1A87C /* GoBoop */,
				4439DE191B5E9E6F00F1A87C /* GoBoopTests */,
				4439DE021B5E9E6F00F1A87C /* Products */,
			);
			sourceTree = "<group>";
		};
		4439DE021B5E9E6F00F1A87C /* Products */ = {
			isa = PBXGroup;
			children = (
				4439DE011B5E9E6F00F1A87C /* GoBoop.app */,
				4439DE161B5E9E6F00F1A87C /* GoBoopTests.xctest */,
			);
			name = Products;
			sourceTree = "<group>";
		};
		4439DE031B5E9E6F00F1A87C /* GoBoop */ = {
			isa = PBXGroup;
			children = (
				4439DE061B5E9E6F00F1A87C /* AppDelegate.swift */,
				4439DE081B5E9E6F00F1A87C /* ViewController.swift */,
				4439DE261B5E9EB500F1A87C /* BoopViewController.swift */,
				4439DE281B5EA56D00F1A87C /* UIIMageExtension.swift */,
				444A95981B62DD5E0050D811 /* Images.xcassets */,
				4439DE0A1B5E9E6F00F1A87C /* Main.storyboard */,
				4439DE0F1B5E9E6F00F1A87C /* LaunchScreen.xib */,
				4439DE041B5E9E6F00F1A87C /* Supporting Files */,
			);
			path = GoBoop;
			sourceTree = "<group>";
		};
		4439DE041B5E9E6F00F1A87C /* Supporting Files */ = {
			isa = PBXGroup;
			children = (
				4415267F1B604A65000A9D2C /* Resources */,
				4439DE051B5E9E6F00F1A87C /* Info.plist */,
			);
			name = "Supporting Files";
			sourceTree = "<group>";
		};
		4439DE191B5E9E6F00F1A87C /* GoBoopTests */ = {
			isa = PBXGroup;
			children = (
				4439DE1C1B5E9E6F00F1A87C /* GoBoopTests.swift */,
				4439DE1A1B5E9E6F00F1A87C /* Supporting Files */,
			);
			path = GoBoopTests;
			sourceTree = "<group>";
		};
		4439DE1A1B5E9E6F00F1A87C /* Supporting Files */ = {
			isa = PBXGroup;
			children = (
				4439DE1B1B5E9E6F00F1A87C /* Info.plist */,
			);
			name = "Supporting Files";
			sourceTree = "<group>";
		};
/* End PBXGroup section */

/* Begin PBXNativeTarget section */
		4439DE001B5E9E6F00F1A87C /* GoBoop */ = {
			isa = PBXNativeTarget;
			buildConfigurationList = 4439DE201B5E9E6F00F1A87C /* Build configuration list for PBXNativeTarget "GoBoop" */;
			buildPhases = (
				4439DDFD1B5E9E6F00F1A87C /* Sources */,
				4439DDFE1B5E9E6F00F1A87C /* Frameworks */,
				4439DDFF1B5E9E6F00F1A87C /* Resources */,
			);
			buildRules = (
			);
			dependencies = (
			);
			name = GoBoop;
			productName = GoBoop;
			productReference = 4439DE011B5E9E6F00F1A87C /* GoBoop.app */;
			productType = "com.apple.product-type.application";
		};
		4439DE151B5E9E6F00F1A87C /* GoBoopTests */ = {
			isa = PBXNativeTarget;
			buildConfigurationList = 4439DE231B5E9E6F00F1A87C /* Build configuration list for PBXNativeTarget "GoBoopTests" */;
			buildPhases = (
				4439DE121B5E9E6F00F1A87C /* Sources */,
				4439DE131B5E9E6F00F1A87C /* Frameworks */,
				4439DE141B5E9E6F00F1A87C /* Resources */,
			);
			buildRules = (
			);
			dependencies = (
				4439DE181B5E9E6F00F1A87C /* PBXTargetDependency */,
			);
			name = GoBoopTests;
			productName = GoBoopTests;
			productReference = 4439DE161B5E9E6F00F1A87C /* GoBoopTests.xctest */;
			productType = "com.apple.product-type.bundle.unit-test";
		};
/* End PBXNativeTarget section */

/* Begin PBXProject section */
		4439DDF91B5E9E6F00F1A87C /* Project object */ = {
			isa = PBXProject;
			attributes = {
				LastUpgradeCheck = 0640;
				ORGANIZATIONNAME = "Internet and Media";
				TargetAttributes = {
					4439DE001B5E9E6F00F1A87C = {
						CreatedOnToolsVersion = 6.4;
					};
					4439DE151B5E9E6F00F1A87C = {
						CreatedOnToolsVersion = 6.4;
						TestTargetID = 4439DE001B5E9E6F00F1A87C;
					};
				};
			};
			buildConfigurationList = 4439DDFC1B5E9E6F00F1A87C /* Build configuration list for PBXProject "GoBoop" */;
			compatibilityVersion = "Xcode 3.2";
			developmentRegion = English;
			hasScannedForEncodings = 0;
			knownRegions = (
				en,
				Base,
			);
			mainGroup = 4439DDF81B5E9E6F00F1A87C;
			productRefGroup = 4439DE021B5E9E6F00F1A87C /* Products */;
			projectDirPath = "";
			projectRoot = "";
			targets = (
				4439DE001B5E9E6F00F1A87C /* GoBoop */,
				4439DE151B5E9E6F00F1A87C /* GoBoopTests */,
			);
		};
/* End PBXProject section */

/* Begin PBXResourcesBuildPhase section */
		4439DDFF1B5E9E6F00F1A87C /* Resources */ = {
			isa = PBXResourcesBuildPhase;
			buildActionMask = 2147483647;
			files = (
				4439DE0C1B5E9E6F00F1A87C /* Main.storyboard in Resources */,
				441526811B604AA0000A9D2C /* Boop2Sound.caf in Resources */,
				444A95991B62DD5E0050D811 /* Images.xcassets in Resources */,
				4439DE111B5E9E6F00F1A87C /* LaunchScreen.xib in Resources */,
			);
			runOnlyForDeploymentPostprocessing = 0;
		};
		4439DE141B5E9E6F00F1A87C /* Resources */ = {
			isa = PBXResourcesBuildPhase;
			buildActionMask = 2147483647;
			files = (
			);
			runOnlyForDeploymentPostprocessing = 0;
		};
/* End PBXResourcesBuildPhase section */

/* Begin PBXSourcesBuildPhase section */
		4439DDFD1B5E9E6F00F1A87C /* Sources */ = {
			isa = PBXSourcesBuildPhase;
			buildActionMask = 2147483647;
			files = (
				4439DE091B5E9E6F00F1A87C /* ViewController.swift in Sources */,
				4439DE071B5E9E6F00F1A87C /* AppDelegate.swift in Sources */,
				4439DE271B5E9EB500F1A87C /* BoopViewController.swift in Sources */,
				4439DE291B5EA56D00F1A87C /* UIIMageExtension.swift in Sources */,
			);
			runOnlyForDeploymentPostprocessing = 0;
		};
		4439DE121B5E9E6F00F1A87C /* Sources */ = {
			isa = PBXSourcesBuildPhase;
			buildActionMask = 2147483647;
			files = (
				4439DE1D1B5E9E6F00F1A87C /* GoBoopTests.swift in Sources */,
			);
			runOnlyForDeploymentPostprocessing = 0;
		};
/* End PBXSourcesBuildPhase section */

/* Begin PBXTargetDependency section */
		4439DE181B5E9E6F00F1A87C /* PBXTargetDependency */ = {
			isa = PBXTargetDependency;
			target = 4439DE001B5E9E6F00F1A87C /* GoBoop */;
			targetProxy = 4439DE171B5E9E6F00F1A87C /* PBXContainerItemProxy */;
		};
/* End PBXTargetDependency section */

/* Begin PBXVariantGroup section */
		4439DE0A1B5E9E6F00F1A87C /* Main.storyboard */ = {
			isa = PBXVariantGroup;
			children = (
				4439DE0B1B5E9E6F00F1A87C /* Base */,
			);
			name = Main.storyboard;
			sourceTree = "<group>";
		};
		4439DE0F1B5E9E6F00F1A87C /* LaunchScreen.xib */ = {
			isa = PBXVariantGroup;
			children = (
				4439DE101B5E9E6F00F1A87C /* Base */,
			);
			name = LaunchScreen.xib;
			sourceTree = "<group>";
		};
/* End PBXVariantGroup section */

/* Begin XCBuildConfiguration section */
		4439DE1E1B5E9E6F00F1A87C /* Debug */ = {
			isa = XCBuildConfiguration;
			buildSettings = {
				ALWAYS_SEARCH_USER_PATHS = NO;
				CLANG_CXX_LANGUAGE_STANDARD = "gnu++0x";
				CLANG_CXX_LIBRARY = "libc++";
				CLANG_ENABLE_MODULES = YES;
				CLANG_ENABLE_OBJC_ARC = YES;
				CLANG_WARN_BOOL_CONVERSION = YES;
				CLANG_WARN_CONSTANT_CONVERSION = YES;
				CLANG_WARN_DIRECT_OBJC_ISA_USAGE = YES_ERROR;
				CLANG_WARN_EMPTY_BODY = YES;
				CLANG_WARN_ENUM_CONVERSION = YES;
				CLANG_WARN_INT_CONVERSION = YES;
				CLANG_WARN_OBJC_ROOT_CLASS = YES_ERROR;
				CLANG_WARN_UNREACHABLE_CODE = YES;
				CLANG_WARN__DUPLICATE_METHOD_MATCH = YES;
				"CODE_SIGN_IDENTITY[sdk=iphoneos*]" = "iPhone Developer";
				COPY_PHASE_STRIP = NO;
				DEBUG_INFORMATION_FORMAT = "dwarf-with-dsym";
				ENABLE_STRICT_OBJC_MSGSEND = YES;
				GCC_C_LANGUAGE_STANDARD = gnu99;
				GCC_DYNAMIC_NO_PIC = NO;
				GCC_NO_COMMON_BLOCKS = YES;
				GCC_OPTIMIZATION_LEVEL = 0;
				GCC_PREPROCESSOR_DEFINITIONS = (
					"DEBUG=1",
					"$(inherited)",
				);
				GCC_SYMBOLS_PRIVATE_EXTERN = NO;
				GCC_WARN_64_TO_32_BIT_CONVERSION = YES;
				GCC_WARN_ABOUT_RETURN_TYPE = YES_ERROR;
				GCC_WARN_UNDECLARED_SELECTOR = YES;
				GCC_WARN_UNINITIALIZED_AUTOS = YES_AGGRESSIVE;
				GCC_WARN_UNUSED_FUNCTION = YES;
				GCC_WARN_UNUSED_VARIABLE = YES;
				IPHONEOS_DEPLOYMENT_TARGET = 8.4;
				MTL_ENABLE_DEBUG_INFO = YES;
				ONLY_ACTIVE_ARCH = YES;
				SDKROOT = iphoneos;
				SWIFT_OPTIMIZATION_LEVEL = "-Onone";
				TARGETED_DEVICE_FAMILY = "1,2";
			};
			name = Debug;
		};
		4439DE1F1B5E9E6F00F1A87C /* Release */ = {
			isa = XCBuildConfiguration;
			buildSettings = {
				ALWAYS_SEARCH_USER_PATHS = NO;
				CLANG_CXX_LANGUAGE_STANDARD = "gnu++0x";
				CLANG_CXX_LIBRARY = "libc++";
				CLANG_ENABLE_MODULES = YES;
				CLANG_ENABLE_OBJC_ARC = YES;
				CLANG_WARN_BOOL_CONVERSION = YES;
				CLANG_WARN_CONSTANT_CONVERSION = YES;
				CLANG_WARN_DIRECT_OBJC_ISA_USAGE = YES_ERROR;
				CLANG_WARN_EMPTY_BODY = YES;
				CLANG_WARN_ENUM_CONVERSION = YES;
				CLANG_WARN_INT_CONVERSION = YES;
				CLANG_WARN_OBJC_ROOT_CLASS = YES_ERROR;
				CLANG_WARN_UNREACHABLE_CODE = YES;
				CLANG_WARN__DUPLICATE_METHOD_MATCH = YES;
				"CODE_SIGN_IDENTITY[sdk=iphoneos*]" = "iPhone Developer";
				COPY_PHASE_STRIP = NO;
				DEBUG_INFORMATION_FORMAT = "dwarf-with-dsym";
				ENABLE_NS_ASSERTIONS = NO;
				ENABLE_STRICT_OBJC_MSGSEND = YES;
				GCC_C_LANGUAGE_STANDARD = gnu99;
				GCC_NO_COMMON_BLOCKS = YES;
				GCC_WARN_64_TO_32_BIT_CONVERSION = YES;
				GCC_WARN_ABOUT_RETURN_TYPE = YES_ERROR;
				GCC_WARN_UNDECLARED_SELECTOR = YES;
				GCC_WARN_UNINITIALIZED_AUTOS = YES_AGGRESSIVE;
				GCC_WARN_UNUSED_FUNCTION = YES;
				GCC_WARN_UNUSED_VARIABLE = YES;
				IPHONEOS_DEPLOYMENT_TARGET = 8.4;
				MTL_ENABLE_DEBUG_INFO = NO;
				SDKROOT = iphoneos;
				TARGETED_DEVICE_FAMILY = "1,2";
				VALIDATE_PRODUCT = YES;
			};
			name = Release;
		};
		4439DE211B5E9E6F00F1A87C /* Debug */ = {
			isa = XCBuildConfiguration;
			buildSettings = {
				ASSETCATALOG_COMPILER_APPICON_NAME = AppIcon;
				INFOPLIST_FILE = GoBoop/Info.plist;
				IPHONEOS_DEPLOYMENT_TARGET = 8.0;
				LD_RUNPATH_SEARCH_PATHS = "$(inherited) @executable_path/Frameworks";
				PRODUCT_NAME = "$(TARGET_NAME)";
			};
			name = Debug;
		};
		4439DE221B5E9E6F00F1A87C /* Release */ = {
			isa = XCBuildConfiguration;
			buildSettings = {
				ASSETCATALOG_COMPILER_APPICON_NAME = AppIcon;
				INFOPLIST_FILE = GoBoop/Info.plist;
				IPHONEOS_DEPLOYMENT_TARGET = 8.0;
				LD_RUNPATH_SEARCH_PATHS = "$(inherited) @executable_path/Frameworks";
				PRODUCT_NAME = "$(TARGET_NAME)";
			};
			name = Release;
		};
		4439DE241B5E9E6F00F1A87C /* Debug */ = {
			isa = XCBuildConfiguration;
			buildSettings = {
				BUNDLE_LOADER = "$(TEST_HOST)";
				FRAMEWORK_SEARCH_PATHS = (
					"$(SDKROOT)/Developer/Library/Frameworks",
					"$(inherited)",
				);
				GCC_PREPROCESSOR_DEFINITIONS = (
					"DEBUG=1",
					"$(inherited)",
				);
				INFOPLIST_FILE = GoBoopTests/Info.plist;
				LD_RUNPATH_SEARCH_PATHS = "$(inherited) @executable_path/Frameworks @loader_path/Frameworks";
				PRODUCT_NAME = "$(TARGET_NAME)";
				TEST_HOST = "$(BUILT_PRODUCTS_DIR)/GoBoop.app/GoBoop";
			};
			name = Debug;
		};
		4439DE251B5E9E6F00F1A87C /* Release */ = {
			isa = XCBuildConfiguration;
			buildSettings = {
				BUNDLE_LOADER = "$(TEST_HOST)";
				FRAMEWORK_SEARCH_PATHS = (
					"$(SDKROOT)/Developer/Library/Frameworks",
					"$(inherited)",
				);
				INFOPLIST_FILE = GoBoopTests/Info.plist;
				LD_RUNPATH_SEARCH_PATHS = "$(inherited) @executable_path/Frameworks @loader_path/Frameworks";
				PRODUCT_NAME = "$(TARGET_NAME)";
				TEST_HOST = "$(BUILT_PRODUCTS_DIR)/GoBoop.app/GoBoop";
			};
			name = Release;
		};
/* End XCBuildConfiguration section */

/* Begin XCConfigurationList section */
		4439DDFC1B5E9E6F00F1A87C /* Build configuration list for PBXProject "GoBoop" */ = {
			isa = XCConfigurationList;
			buildConfigurations = (
				4439DE1E1B5E9E6F00F1A87C /* Debug */,
				4439DE1F1B5E9E6F00F1A87C /* Release */,
			);
			defaultConfigurationIsVisible = 0;
			defaultConfigurationName = Release;
		};
		4439DE201B5E9E6F00F1A87C /* Build configuration list for PBXNativeTarget "GoBoop" */ = {
			isa = XCConfigurationList;
			buildConfigurations = (
				4439DE211B5E9E6F00F1A87C /* Debug */,
				4439DE221B5E9E6F00F1A87C /* Release */,
			);
			defaultConfigurationIsVisible = 0;
			defaultConfigurationName = Release;
		};
		4439DE231B5E9E6F00F1A87C /* Build configuration list for PBXNativeTarget "GoBoopTests" */ = {
			isa = XCConfigurationList;
			buildConfigurations = (
				4439DE241B5E9E6F00F1A87C /* Debug */,
				4439DE251B5E9E6F00F1A87C /* Release */,
			);
			defaultConfigurationIsVisible = 0;
			defaultConfigurationName = Release;
		};
/* End XCConfigurationList section */
	};
	rootObject = 4439DDF91B5E9E6F00F1A87C /* Project object */;
}
